// !$*UTF8*$!
{
	archiveVersion = 1;
	classes = {
	};
	objectVersion = 48;
	objects = {

/* Begin PBXBuildFile section */
		247DA19F1FEC7B1100970529 /* AppDelegate.swift in Sources */ = {isa = PBXBuildFile; fileRef = 247DA19E1FEC7B1100970529 /* AppDelegate.swift */; };
		247DA1A11FEC7B1100970529 /* ViewController.swift in Sources */ = {isa = PBXBuildFile; fileRef = 247DA1A01FEC7B1100970529 /* ViewController.swift */; };
		247DA1A41FEC7B1100970529 /* Main.storyboard in Resources */ = {isa = PBXBuildFile; fileRef = 247DA1A21FEC7B1100970529 /* Main.storyboard */; };
		247DA1A61FEC7B1100970529 /* Assets.xcassets in Resources */ = {isa = PBXBuildFile; fileRef = 247DA1A51FEC7B1100970529 /* Assets.xcassets */; };
		247DA1A91FEC7B1100970529 /* LaunchScreen.storyboard in Resources */ = {isa = PBXBuildFile; fileRef = 247DA1A71FEC7B1100970529 /* LaunchScreen.storyboard */; };
		247DA1B11FEC7BCB00970529 /* CsoundVirtualKeyboard.swift in Sources */ = {isa = PBXBuildFile; fileRef = 247DA1B01FEC7BCB00970529 /* CsoundVirtualKeyboard.swift */; };
		247DA1B31FEC7BE100970529 /* CsoundiOS.framework in Frameworks */ = {isa = PBXBuildFile; fileRef = 247DA1B21FEC7BE100970529 /* CsoundiOS.framework */; };
		247DA1B51FEC84CE00970529 /* synth.csd in Resources */ = {isa = PBXBuildFile; fileRef = 247DA1B41FEC84CE00970529 /* synth.csd */; };
/* End PBXBuildFile section */

/* Begin PBXFileReference section */
		247DA19B1FEC7B1100970529 /* classroomSynthesizer.app */ = {isa = PBXFileReference; explicitFileType = wrapper.application; includeInIndex = 0; path = classroomSynthesizer.app; sourceTree = BUILT_PRODUCTS_DIR; };
		247DA19E1FEC7B1100970529 /* AppDelegate.swift */ = {isa = PBXFileReference; lastKnownFileType = sourcecode.swift; path = AppDelegate.swift; sourceTree = "<group>"; };
		247DA1A01FEC7B1100970529 /* ViewController.swift */ = {isa = PBXFileReference; lastKnownFileType = sourcecode.swift; path = ViewController.swift; sourceTree = "<group>"; };
		247DA1A31FEC7B1100970529 /* Base */ = {isa = PBXFileReference; lastKnownFileType = file.storyboard; name = Base; path = Base.lproj/Main.storyboard; sourceTree = "<group>"; };
		247DA1A51FEC7B1100970529 /* Assets.xcassets */ = {isa = PBXFileReference; lastKnownFileType = folder.assetcatalog; path = Assets.xcassets; sourceTree = "<group>"; };
		247DA1A81FEC7B1100970529 /* Base */ = {isa = PBXFileReference; lastKnownFileType = file.storyboard; name = Base; path = Base.lproj/LaunchScreen.storyboard; sourceTree = "<group>"; };
		247DA1AA1FEC7B1100970529 /* Info.plist */ = {isa = PBXFileReference; lastKnownFileType = text.plist.xml; path = Info.plist; sourceTree = "<group>"; };
		247DA1B01FEC7BCB00970529 /* CsoundVirtualKeyboard.swift */ = {isa = PBXFileReference; fileEncoding = 4; lastKnownFileType = sourcecode.swift; path = CsoundVirtualKeyboard.swift; sourceTree = "<group>"; };
		247DA1B21FEC7BE100970529 /* CsoundiOS.framework */ = {isa = PBXFileReference; lastKnownFileType = wrapper.framework; path = CsoundiOS.framework; sourceTree = "<group>"; };
		247DA1B41FEC84CE00970529 /* synth.csd */ = {isa = PBXFileReference; fileEncoding = 4; lastKnownFileType = text; path = synth.csd; sourceTree = "<group>"; };
/* End PBXFileReference section */

/* Begin PBXFrameworksBuildPhase section */
		247DA1981FEC7B1100970529 /* Frameworks */ = {
			isa = PBXFrameworksBuildPhase;
			buildActionMask = 2147483647;
			files = (
				247DA1B31FEC7BE100970529 /* CsoundiOS.framework in Frameworks */,
			);
			runOnlyForDeploymentPostprocessing = 0;
		};
/* End PBXFrameworksBuildPhase section */

/* Begin PBXGroup section */
		247DA1921FEC7B1100970529 = {
			isa = PBXGroup;
			children = (
				247DA19D1FEC7B1100970529 /* classroomSynthesizer */,
				247DA19C1FEC7B1100970529 /* Products */,
			);
			sourceTree = "<group>";
		};
		247DA19C1FEC7B1100970529 /* Products */ = {
			isa = PBXGroup;
			children = (
				247DA19B1FEC7B1100970529 /* classroomSynthesizer.app */,
			);
			name = Products;
			sourceTree = "<group>";
		};
		247DA19D1FEC7B1100970529 /* classroomSynthesizer */ = {
			isa = PBXGroup;
			children = (
				247DA1B41FEC84CE00970529 /* synth.csd */,
				247DA19E1FEC7B1100970529 /* AppDelegate.swift */,
				247DA1A01FEC7B1100970529 /* ViewController.swift */,
				247DA1B01FEC7BCB00970529 /* CsoundVirtualKeyboard.swift */,
				247DA1A21FEC7B1100970529 /* Main.storyboard */,
				247DA1A51FEC7B1100970529 /* Assets.xcassets */,
				247DA1A71FEC7B1100970529 /* LaunchScreen.storyboard */,
				247DA1AA1FEC7B1100970529 /* Info.plist */,
				247DA1B21FEC7BE100970529 /* CsoundiOS.framework */,
			);
			path = classroomSynthesizer;
			sourceTree = "<group>";
		};
/* End PBXGroup section */

/* Begin PBXNativeTarget section */
		247DA19A1FEC7B1100970529 /* classroomSynthesizer */ = {
			isa = PBXNativeTarget;
			buildConfigurationList = 247DA1AD1FEC7B1100970529 /* Build configuration list for PBXNativeTarget "classroomSynthesizer" */;
			buildPhases = (
				247DA1971FEC7B1100970529 /* Sources */,
				247DA1981FEC7B1100970529 /* Frameworks */,
				247DA1991FEC7B1100970529 /* Resources */,
			);
			buildRules = (
			);
			dependencies = (
			);
			name = classroomSynthesizer;
			productName = classroomSynthesizer;
			productReference = 247DA19B1FEC7B1100970529 /* classroomSynthesizer.app */;
			productType = "com.apple.product-type.application";
		};
/* End PBXNativeTarget section */

/* Begin PBXProject section */
		247DA1931FEC7B1100970529 /* Project object */ = {
			isa = PBXProject;
			attributes = {
				LastSwiftUpdateCheck = 0910;
				LastUpgradeCheck = 0910;
				ORGANIZATIONNAME = "Berklee EP-P453";
				TargetAttributes = {
					247DA19A1FEC7B1100970529 = {
						CreatedOnToolsVersion = 9.1;
						ProvisioningStyle = Automatic;
					};
				};
			};
			buildConfigurationList = 247DA1961FEC7B1100970529 /* Build configuration list for PBXProject "classroomSynthesizer" */;
			compatibilityVersion = "Xcode 8.0";
			developmentRegion = en;
			hasScannedForEncodings = 0;
			knownRegions = (
				en,
				Base,
			);
			mainGroup = 247DA1921FEC7B1100970529;
			productRefGroup = 247DA19C1FEC7B1100970529 /* Products */;
			projectDirPath = "";
			projectRoot = "";
			targets = (
				247DA19A1FEC7B1100970529 /* classroomSynthesizer */,
			);
		};
/* End PBXProject section */

/* Begin PBXResourcesBuildPhase section */
		247DA1991FEC7B1100970529 /* Resources */ = {
			isa = PBXResourcesBuildPhase;
			buildActionMask = 2147483647;
			files = (
				247DA1A91FEC7B1100970529 /* LaunchScreen.storyboard in Resources */,
				247DA1A61FEC7B1100970529 /* Assets.xcassets in Resources */,
				247DA1A41FEC7B1100970529 /* Main.storyboard in Resources */,
				247DA1B51FEC84CE00970529 /* synth.csd in Resources */,
			);
			runOnlyForDeploymentPostprocessing = 0;
		};
/* End PBXResourcesBuildPhase section */

/* Begin PBXSourcesBuildPhase section */
		247DA1971FEC7B1100970529 /* Sources */ = {
			isa = PBXSourcesBuildPhase;
			buildActionMask = 2147483647;
			files = (
				247DA1B11FEC7BCB00970529 /* CsoundVirtualKeyboard.swift in Sources */,
				247DA1A11FEC7B1100970529 /* ViewController.swift in Sources */,
				247DA19F1FEC7B1100970529 /* AppDelegate.swift in Sources */,
			);
			runOnlyForDeploymentPostprocessing = 0;
		};
/* End PBXSourcesBuildPhase section */

/* Begin PBXVariantGroup section */
		247DA1A21FEC7B1100970529 /* Main.storyboard */ = {
			isa = PBXVariantGroup;
			children = (
				247DA1A31FEC7B1100970529 /* Base */,
			);
			name = Main.storyboard;
			sourceTree = "<group>";
		};
		247DA1A71FEC7B1100970529 /* LaunchScreen.storyboard */ = {
			isa = PBXVariantGroup;
			children = (
				247DA1A81FEC7B1100970529 /* Base */,
			);
			name = LaunchScreen.storyboard;
			sourceTree = "<group>";
		};
/* End PBXVariantGroup section */

/* Begin XCBuildConfiguration section */
		247DA1AB1FEC7B1100970529 /* Debug */ = {
			isa = XCBuildConfiguration;
			buildSettings = {
				ALWAYS_SEARCH_USER_PATHS = NO;
				CLANG_ANALYZER_NONNULL = YES;
				CLANG_ANALYZER_NUMBER_OBJECT_CONVERSION = YES_AGGRESSIVE;
				CLANG_CXX_LANGUAGE_STANDARD = "gnu++14";
				CLANG_CXX_LIBRARY = "libc++";
				CLANG_ENABLE_MODULES = YES;
				CLANG_ENABLE_OBJC_ARC = YES;
				CLANG_WARN_BLOCK_CAPTURE_AUTORELEASING = YES;
				CLANG_WARN_BOOL_CONVERSION = YES;
				CLANG_WARN_COMMA = YES;
				CLANG_WARN_CONSTANT_CONVERSION = YES;
				CLANG_WARN_DIRECT_OBJC_ISA_USAGE = YES_ERROR;
				CLANG_WARN_DOCUMENTATION_COMMENTS = YES;
				CLANG_WARN_EMPTY_BODY = YES;
				CLANG_WARN_ENUM_CONVERSION = YES;
				CLANG_WARN_INFINITE_RECURSION = YES;
				CLANG_WARN_INT_CONVERSION = YES;
				CLANG_WARN_NON_LITERAL_NULL_CONVERSION = YES;
				CLANG_WARN_OBJC_LITERAL_CONVERSION = YES;
				CLANG_WARN_OBJC_ROOT_CLASS = YES_ERROR;
				CLANG_WARN_RANGE_LOOP_ANALYSIS = YES;
				CLANG_WARN_STRICT_PROTOTYPES = YES;
				CLANG_WARN_SUSPICIOUS_MOVE = YES;
				CLANG_WARN_UNGUARDED_AVAILABILITY = YES_AGGRESSIVE;
				CLANG_WARN_UNREACHABLE_CODE = YES;
				CLANG_WARN__DUPLICATE_METHOD_MATCH = YES;
				CODE_SIGN_IDENTITY = "iPhone Developer";
				COPY_PHASE_STRIP = NO;
				DEBUG_INFORMATION_FORMAT = dwarf;
				ENABLE_STRICT_OBJC_MSGSEND = YES;
				ENABLE_TESTABILITY = YES;
				GCC_C_LANGUAGE_STANDARD = gnu11;
				GCC_DYNAMIC_NO_PIC = NO;
				GCC_NO_COMMON_BLOCKS = YES;
				GCC_OPTIMIZATION_LEVEL = 0;
				GCC_PREPROCESSOR_DEFINITIONS = (
					"DEBUG=1",
					"$(inherited)",
				);
				GCC_WARN_64_TO_32_BIT_CONVERSION = YES;
				GCC_WARN_ABOUT_RETURN_TYPE = YES_ERROR;
				GCC_WARN_UNDECLARED_SELECTOR = YES;
				GCC_WARN_UNINITIALIZED_AUTOS = YES_AGGRESSIVE;
				GCC_WARN_UNUSED_FUNCTION = YES;
				GCC_WARN_UNUSED_VARIABLE = YES;
				IPHONEOS_DEPLOYMENT_TARGET = 11.1;
				MTL_ENABLE_DEBUG_INFO = YES;
				ONLY_ACTIVE_ARCH = YES;
				SDKROOT = iphoneos;
				SWIFT_ACTIVE_COMPILATION_CONDITIONS = DEBUG;
				SWIFT_OPTIMIZATION_LEVEL = "-Onone";
			};
			name = Debug;
		};
		247DA1AC1FEC7B1100970529 /* Release */ = {
			isa = XCBuildConfiguration;
			buildSettings = {
				ALWAYS_SEARCH_USER_PATHS = NO;
				CLANG_ANALYZER_NONNULL = YES;
				CLANG_ANALYZER_NUMBER_OBJECT_CONVERSION = YES_AGGRESSIVE;
				CLANG_CXX_LANGUAGE_STANDARD = "gnu++14";
				CLANG_CXX_LIBRARY = "libc++";
				CLANG_ENABLE_MODULES = YES;
				CLANG_ENABLE_OBJC_ARC = YES;
				CLANG_WARN_BLOCK_CAPTURE_AUTORELEASING = YES;
				CLANG_WARN_BOOL_CONVERSION = YES;
				CLANG_WARN_COMMA = YES;
				CLANG_WARN_CONSTANT_CONVERSION = YES;
				CLANG_WARN_DIRECT_OBJC_ISA_USAGE = YES_ERROR;
				CLANG_WARN_DOCUMENTATION_COMMENTS = YES;
				CLANG_WARN_EMPTY_BODY = YES;
				CLANG_WARN_ENUM_CONVERSION = YES;
				CLANG_WARN_INFINITE_RECURSION = YES;
				CLANG_WARN_INT_CONVERSION = YES;
				CLANG_WARN_NON_LITERAL_NULL_CONVERSION = YES;
				CLANG_WARN_OBJC_LITERAL_CONVERSION = YES;
				CLANG_WARN_OBJC_ROOT_CLASS = YES_ERROR;
				CLANG_WARN_RANGE_LOOP_ANALYSIS = YES;
				CLANG_WARN_STRICT_PROTOTYPES = YES;
				CLANG_WARN_SUSPICIOUS_MOVE = YES;
				CLANG_WARN_UNGUARDED_AVAILABILITY = YES_AGGRESSIVE;
				CLANG_WARN_UNREACHABLE_CODE = YES;
				CLANG_WARN__DUPLICATE_METHOD_MATCH = YES;
				CODE_SIGN_IDENTITY = "iPhone Developer";
				COPY_PHASE_STRIP = NO;
				DEBUG_INFORMATION_FORMAT = "dwarf-with-dsym";
				ENABLE_NS_ASSERTIONS = NO;
				ENABLE_STRICT_OBJC_MSGSEND = YES;
				GCC_C_LANGUAGE_STANDARD = gnu11;
				GCC_NO_COMMON_BLOCKS = YES;
				GCC_WARN_64_TO_32_BIT_CONVERSION = YES;
				GCC_WARN_ABOUT_RETURN_TYPE = YES_ERROR;
				GCC_WARN_UNDECLARED_SELECTOR = YES;
				GCC_WARN_UNINITIALIZED_AUTOS = YES_AGGRESSIVE;
				GCC_WARN_UNUSED_FUNCTION = YES;
				GCC_WARN_UNUSED_VARIABLE = YES;
				IPHONEOS_DEPLOYMENT_TARGET = 11.1;
				MTL_ENABLE_DEBUG_INFO = NO;
				SDKROOT = iphoneos;
				SWIFT_OPTIMIZATION_LEVEL = "-Owholemodule";
				VALIDATE_PRODUCT = YES;
			};
			name = Release;
		};
		247DA1AE1FEC7B1100970529 /* Debug */ = {
			isa = XCBuildConfiguration;
			buildSettings = {
				ASSETCATALOG_COMPILER_APPICON_NAME = AppIcon;
				CODE_SIGN_STYLE = Automatic;
				DEVELOPMENT_TEAM = AH2WVU4222;
				FRAMEWORK_SEARCH_PATHS = (
					"$(inherited)",
					"$(PROJECT_DIR)/classroomSynthesizer",
				);
				INFOPLIST_FILE = classroomSynthesizer/Info.plist;
				LD_RUNPATH_SEARCH_PATHS = "$(inherited) @executable_path/Frameworks";
				PRODUCT_BUNDLE_IDENTIFIER = com.elpd.classroomSynthesizer;
				PRODUCT_NAME = "$(TARGET_NAME)";
				SWIFT_VERSION = 4.0;
				TARGETED_DEVICE_FAMILY = 2;
			};
			name = Debug;
		};
		247DA1AF1FEC7B1100970529 /* Release */ = {
			isa = XCBuildConfiguration;
			buildSettings = {
				ASSETCATALOG_COMPILER_APPICON_NAME = AppIcon;
				CODE_SIGN_STYLE = Automatic;
				DEVELOPMENT_TEAM = AH2WVU4222;
				FRAMEWORK_SEARCH_PATHS = (
					"$(inherited)",
					"$(PROJECT_DIR)/classroomSynthesizer",
				);
				INFOPLIST_FILE = classroomSynthesizer/Info.plist;
				LD_RUNPATH_SEARCH_PATHS = "$(inherited) @executable_path/Frameworks";
				PRODUCT_BUNDLE_IDENTIFIER = com.elpd.classroomSynthesizer;
				PRODUCT_NAME = "$(TARGET_NAME)";
				SWIFT_VERSION = 4.0;
				TARGETED_DEVICE_FAMILY = 2;
			};
			name = Release;
		};
/* End XCBuildConfiguration section */

/* Begin XCConfigurationList section */
		247DA1961FEC7B1100970529 /* Build configuration list for PBXProject "classroomSynthesizer" */ = {
			isa = XCConfigurationList;
			buildConfigurations = (
				247DA1AB1FEC7B1100970529 /* Debug */,
				247DA1AC1FEC7B1100970529 /* Release */,
			);
			defaultConfigurationIsVisible = 0;
			defaultConfigurationName = Release;
		};
		247DA1AD1FEC7B1100970529 /* Build configuration list for PBXNativeTarget "classroomSynthesizer" */ = {
			isa = XCConfigurationList;
			buildConfigurations = (
				247DA1AE1FEC7B1100970529 /* Debug */,
				247DA1AF1FEC7B1100970529 /* Release */,
			);
			defaultConfigurationIsVisible = 0;
			defaultConfigurationName = Release;
		};
/* End XCConfigurationList section */
	};
	rootObject = 247DA1931FEC7B1100970529 /* Project object */;
}
